github.com/noa-log/colorize v1.0.1 h1:sOLx+nPupbZOG1de2KQEsmOl+R4glANfvWElohUFgbA=
github.com/noa-log/colorize v1.0.1/go.mod h1:HksMHNpWZYvlG+rmRQJLdMnNI1A3CCVIbbiESxFmUyU=
github.com/noa-log/noa v0.0.0-20250610145039-4bb7356729dc h1:TkpnVzd4sLTPyS78PvklVHd1BYPi5LJULEBOL5w30OE=
github.com/noa-log/noa v0.0.0-20250610145039-4bb7356729dc/go.mod h1:xzwDSNzUeGEVnjWbTBR+IAycgpHIi2WxPi7Oqh2nhrw=
